
Microsoft Visual Studio Solution File, Format Version 12.00
# Visual Studio Version 16
VisualStudioVersion = 16.0.32228.343
MinimumVisualStudioVersion = 10.0.40219.1
Project("{8BC9CEB8-8B4A-11D0-8D11-00A0C91BC942}") = "Project1", "Project1\Project1.vcxproj", "{2B87C473-C092-44BC-AA68-64BD509FFC0C}"
EndProject
Global
	GlobalSection(SolutionConfigurationPlatforms) = preSolution
		Debug|x64 = Debug|x64
		Debug|x86 = Debug|x86
		Release|x64 = Release|x64
		Release|x86 = Release|x86
	EndGlobalSection
	GlobalSection(ProjectConfigurationPlatforms) = postSolution
		{2B87C473-C092-44BC-AA68-64BD509FFC0C}.Debug|x64.ActiveCfg = Debug|x64
		{2B87C473-C092-44BC-AA68-64BD509FFC0C}.Debug|x64.Build.0 = Debug|x64
		{2B87C473-C092-44BC-AA68-64BD509FFC0C}.Debug|x86.ActiveCfg = Debug|Win32
		{2B87C473-C092-44BC-AA68-64BD509FFC0C}.Debug|x86.Build.0 = Debug|Win32
		{2B87C473-C092-44BC-AA68-64BD509FFC0C}.Release|x64.ActiveCfg = Release|x64
		{2B87C473-C092-44BC-AA68-64BD509FFC0C}.Release|x64.Build.0 = Release|x64
		{2B87C473-C092-44BC-AA68-64BD509FFC0C}.Release|x86.ActiveCfg = Release|Win32
		{2B87C473-C092-44BC-AA68-64BD509FFC0C}.Release|x86.Build.0 = Release|Win32
	EndGlobalSection
	GlobalSection(SolutionProperties) = preSolution
		HideSolutionNode = FALSE
	EndGlobalSection
	GlobalSection(ExtensibilityGlobals) = postSolution
		SolutionGuid = {B83A59F3-FA0C-477B-8F69-6354D5FD80E0}
	EndGlobalSection
EndGlobal
